{
  "lockfile_version": "1",
  "packages": {
    "gcc@latest": {
      "last_modified": "2025-11-15T07:28:48Z",
      "resolved": "github:NixOS/nixpkgs/1d4c88323ac36805d09657d13a5273aea1b34f0c#gcc15",
      "source": "devbox-search",
      "version": "15.2.0",
      "systems": {
        "aarch64-darwin": {
          "outputs": [
            {
              "name": "out",
              "path": "/nix/store/dxd0wgk2a54mvw28j34b941j18g2n7c0-gcc-wrapper-15.2.0",
              "default": true
            },
            {
              "name": "man",
              "path": "/nix/store/7ncr39g6x8s7x8az1dwpjqknv8k5yayy-gcc-wrapper-15.2.0-man",
              "default": true
            },
            {
              "name": "info",
              "path": "/nix/store/3c5wyd8b26hrc2lfndvx66404lfp3lcw-gcc-wrapper-15.2.0-info"
            }
          ],
          "store_path": "/nix/store/dxd0wgk2a54mvw28j34b941j18g2n7c0-gcc-wrapper-15.2.0"
        },
        "aarch64-linux": {
          "outputs": [
            {
              "name": "out",
              "path": "/nix/store/zpwanhs0c5gj7vhqcgsn6jx21kqc3sj2-gcc-wrapper-15.2.0",
              "default": true
            },
            {
              "name": "man",
              "path": "/nix/store/gd563lgfaihhaddg0y5ib05xr8scz8yc-gcc-wrapper-15.2.0-man",
              "default": true
            },
            {
              "name": "info",
              "path": "/nix/store/ixsqpxxzm4yqd2camn9l8frgk32f1nqq-gcc-wrapper-15.2.0-info"
            }
          ],
          "store_path": "/nix/store/zpwanhs0c5gj7vhqcgsn6jx21kqc3sj2-gcc-wrapper-15.2.0"
        },
        "x86_64-darwin": {
          "outputs": [
            {
              "name": "out",
              "path": "/nix/store/aini7lpbdrlybk58kljdq8y0qmg6pk6y-gcc-wrapper-15.2.0",
              "default": true
            },
            {
              "name": "man",
              "path": "/nix/store/52qghklqg3hkr5dwrj49vqpw4xkkwcrl-gcc-wrapper-15.2.0-man",
              "default": true
            },
            {
              "name": "info",
              "path": "/nix/store/yashr6c3sf3brpzxql0g7qz7zx7qnfip-gcc-wrapper-15.2.0-info"
            }
          ],
          "store_path": "/nix/store/aini7lpbdrlybk58kljdq8y0qmg6pk6y-gcc-wrapper-15.2.0"
        },
        "x86_64-linux": {
          "outputs": [
            {
              "name": "out",
              "path": "/nix/store/38k3wj9sjcfj0sssv3da9b8fj0xvapyf-gcc-wrapper-15.2.0",
              "default": true
            },
            {
              "name": "man",
              "path": "/nix/store/4sx2c3hy1dyl3mimrya9gagkfgz6za2z-gcc-wrapper-15.2.0-man",
              "default": true
            },
            {
              "name": "info",
              "path": "/nix/store/m01l56bf3p8xvvmy7p671cqnk0xs4xxd-gcc-wrapper-15.2.0-info"
            }
          ],
          "store_path": "/nix/store/38k3wj9sjcfj0sssv3da9b8fj0xvapyf-gcc-wrapper-15.2.0"
        }
      }
    },
    "github:NixOS/nixpkgs/nixpkgs-unstable": {
      "last_modified": "2025-11-04T19:54:02Z",
      "resolved": "github:NixOS/nixpkgs/12c1f0253aa9a54fdf8ec8aecaafada64a111e24?lastModified=1762286042&narHash=sha256-OD5HsZ%2BsN7VvNucbrjiCz7CHF5zf9gP51YVJvPwYIH8%3D"
    },
    "go@latest": {
      "last_modified": "2025-11-15T07:28:48Z",
      "resolved": "github:NixOS/nixpkgs/1d4c88323ac36805d09657d13a5273aea1b34f0c#go",
      "source": "devbox-search",
      "version": "1.25.3",
      "systems": {
        "aarch64-darwin": {
          "outputs": [
            {
              "name": "out",
              "path": "/nix/store/pkb0xf89mjr3j7b8lvz0vsm4c44vckyh-go-1.25.3",
              "default": true
            }
          ],
          "store_path": "/nix/store/pkb0xf89mjr3j7b8lvz0vsm4c44vckyh-go-1.25.3"
        },
        "aarch64-linux": {
          "outputs": [
            {
              "name": "out",
              "path": "/nix/store/ybh1p0f6sd3i7b66chf3gd8b1yy41p0c-go-1.25.3",
              "default": true
            }
          ],
          "store_path": "/nix/store/ybh1p0f6sd3i7b66chf3gd8b1yy41p0c-go-1.25.3"
        },
        "x86_64-darwin": {
          "outputs": [
            {
              "name": "out",
              "path": "/nix/store/w7nnzc7a6r1s3pg6lmiqwcsabrj17q08-go-1.25.3",
              "default": true
            }
          ],
          "store_path": "/nix/store/w7nnzc7a6r1s3pg6lmiqwcsabrj17q08-go-1.25.3"
        },
        "x86_64-linux": {
          "outputs": [
            {
              "name": "out",
              "path": "/nix/store/rq8lpjjzfymaznpsfvrymhqrvfg854ms-go-1.25.3",
              "default": true
            }
          ],
          "store_path": "/nix/store/rq8lpjjzfymaznpsfvrymhqrvfg854ms-go-1.25.3"
        }
      }
    }
  }
}
